
Microsoft Visual Studio Solution File, Format Version 12.00
# Visual Studio 2012
Project("{FAE04EC0-301F-11D3-BF4B-00C04F79EFBC}") = "XamlViewer", "XamlViewer\XamlViewer.csproj", "{6814770B-1F28-46E8-AE26-4D979732D6EA}"
EndProject
Global
	GlobalSection(SolutionConfigurationPlatforms) = preSolution
		Debug|Any CPU = Debug|Any CPU
		Release|Any CPU = Release|Any CPU
	EndGlobalSection
	GlobalSection(ProjectConfigurationPlatforms) = postSolution
		{6814770B-1F28-46E8-AE26-4D979732D6EA}.Debug|Any CPU.ActiveCfg = Debug|Any CPU
		{6814770B-1F28-46E8-AE26-4D979732D6EA}.Debug|Any CPU.Build.0 = Debug|Any CPU
		{6814770B-1F28-46E8-AE26-4D979732D6EA}.Release|Any CPU.ActiveCfg = Release|Any CPU
		{6814770B-1F28-46E8-AE26-4D979732D6EA}.Release|Any CPU.Build.0 = Release|Any CPU
	EndGlobalSection
	GlobalSection(SolutionProperties) = preSolution
		HideSolutionNode = FALSE
	EndGlobalSection
EndGlobal
