
Microsoft Visual Studio Solution File, Format Version 12.00
# Visual Studio 2012
Project("{FAE04EC0-301F-11D3-BF4B-00C04F79EFBC}") = "XamlViewer", "XamlViewer\XamlViewer.csproj", "{6814770B-1F28-46E8-AE26-4D979732D6EA}"
EndProject
Project("{2150E333-8FDC-42A3-9474-1A3956D46DE8}") = ".nuget", ".nuget", "{15975996-42D6-47E9-B17A-D2D694AA01CA}"
	ProjectSection(SolutionItems) = preProject
		.nuget\NuGet.Config = .nuget\NuGet.Config
		.nuget\NuGet.exe = .nuget\NuGet.exe
		.nuget\NuGet.pdb = .nuget\NuGet.pdb
		.nuget\NuGet.targets = .nuget\NuGet.targets
	EndProjectSection
EndProject
Project("{FAE04EC0-301F-11D3-BF4B-00C04F79EFBC}") = "XamlDesigner", "Modules\XamlDesigner\XamlDesigner.csproj", "{D422F239-CBBA-480E-960B-DACAE59A004B}"
EndProject
Project("{FAE04EC0-301F-11D3-BF4B-00C04F79EFBC}") = "XamlEditor", "Modules\XamlEditor\XamlEditor.csproj", "{152D2E38-DABA-4ED9-9ADD-5D7D04EEAF4B}"
EndProject
Project("{FAE04EC0-301F-11D3-BF4B-00C04F79EFBC}") = "XamlService", "XamlService\XamlService.csproj", "{969AF170-1975-43DA-AF1B-C43E17777D17}"
EndProject
Project("{FAE04EC0-301F-11D3-BF4B-00C04F79EFBC}") = "XamlTheme", "XamlTheme\XamlTheme.csproj", "{148F150E-FBF2-4B14-97EB-4F5A463D526C}"
EndProject
Project("{FAE04EC0-301F-11D3-BF4B-00C04F79EFBC}") = "XamlUtil", "XamlUtil\XamlUtil.csproj", "{05898467-E08E-40A9-8E9C-88D27F3F61B9}"
EndProject
Global
	GlobalSection(SolutionConfigurationPlatforms) = preSolution
		Debug|Any CPU = Debug|Any CPU
		Release|Any CPU = Release|Any CPU
	EndGlobalSection
	GlobalSection(ProjectConfigurationPlatforms) = postSolution
		{6814770B-1F28-46E8-AE26-4D979732D6EA}.Debug|Any CPU.ActiveCfg = Debug|Any CPU
		{6814770B-1F28-46E8-AE26-4D979732D6EA}.Debug|Any CPU.Build.0 = Debug|Any CPU
		{6814770B-1F28-46E8-AE26-4D979732D6EA}.Release|Any CPU.ActiveCfg = Release|Any CPU
		{6814770B-1F28-46E8-AE26-4D979732D6EA}.Release|Any CPU.Build.0 = Release|Any CPU
		{D422F239-CBBA-480E-960B-DACAE59A004B}.Debug|Any CPU.ActiveCfg = Debug|Any CPU
		{D422F239-CBBA-480E-960B-DACAE59A004B}.Debug|Any CPU.Build.0 = Debug|Any CPU
		{D422F239-CBBA-480E-960B-DACAE59A004B}.Release|Any CPU.ActiveCfg = Release|Any CPU
		{D422F239-CBBA-480E-960B-DACAE59A004B}.Release|Any CPU.Build.0 = Release|Any CPU
		{152D2E38-DABA-4ED9-9ADD-5D7D04EEAF4B}.Debug|Any CPU.ActiveCfg = Debug|Any CPU
		{152D2E38-DABA-4ED9-9ADD-5D7D04EEAF4B}.Debug|Any CPU.Build.0 = Debug|Any CPU
		{152D2E38-DABA-4ED9-9ADD-5D7D04EEAF4B}.Release|Any CPU.ActiveCfg = Release|Any CPU
		{152D2E38-DABA-4ED9-9ADD-5D7D04EEAF4B}.Release|Any CPU.Build.0 = Release|Any CPU
		{969AF170-1975-43DA-AF1B-C43E17777D17}.Debug|Any CPU.ActiveCfg = Debug|Any CPU
		{969AF170-1975-43DA-AF1B-C43E17777D17}.Debug|Any CPU.Build.0 = Debug|Any CPU
		{969AF170-1975-43DA-AF1B-C43E17777D17}.Release|Any CPU.ActiveCfg = Release|Any CPU
		{969AF170-1975-43DA-AF1B-C43E17777D17}.Release|Any CPU.Build.0 = Release|Any CPU
		{148F150E-FBF2-4B14-97EB-4F5A463D526C}.Debug|Any CPU.ActiveCfg = Debug|Any CPU
		{148F150E-FBF2-4B14-97EB-4F5A463D526C}.Debug|Any CPU.Build.0 = Debug|Any CPU
		{148F150E-FBF2-4B14-97EB-4F5A463D526C}.Release|Any CPU.ActiveCfg = Release|Any CPU
		{148F150E-FBF2-4B14-97EB-4F5A463D526C}.Release|Any CPU.Build.0 = Release|Any CPU
		{05898467-E08E-40A9-8E9C-88D27F3F61B9}.Debug|Any CPU.ActiveCfg = Debug|Any CPU
		{05898467-E08E-40A9-8E9C-88D27F3F61B9}.Debug|Any CPU.Build.0 = Debug|Any CPU
		{05898467-E08E-40A9-8E9C-88D27F3F61B9}.Release|Any CPU.ActiveCfg = Release|Any CPU
		{05898467-E08E-40A9-8E9C-88D27F3F61B9}.Release|Any CPU.Build.0 = Release|Any CPU
	EndGlobalSection
	GlobalSection(SolutionProperties) = preSolution
		HideSolutionNode = FALSE
	EndGlobalSection
	GlobalSection(ExtensibilityGlobals) = postSolution
		SolutionGuid = {204D6FEE-77D7-43D6-8797-34126BF7014A}
	EndGlobalSection
EndGlobal
